{
  "version": 4,
  "terraform_version": "1.9.5",
  "serial": 99,
  "lineage": "1a3bf2a5-7a78-6f21-3169-65241e277918",
  "outputs": {
    "satire-db-host": {
      "value": "satire-pg-server.postgres.database.azure.com",
      "type": "string"
    }
  },
  "resources": [
    {
      "mode": "managed",
      "type": "azurerm_postgresql_flexible_server",
      "name": "satire_pg_server",
      "provider": "provider[\"registry.terraform.io/hashicorp/azurerm\"]",
      "instances": [
        {
          "schema_version": 0,
          "attributes": {
            "administrator_login": "administraitor",
            "administrator_password": "Recolco1",
            "authentication": [
              {
                "active_directory_auth_enabled": false,
                "password_auth_enabled": true,
                "tenant_id": ""
              }
            ],
            "auto_grow_enabled": false,
            "backup_retention_days": 7,
            "create_mode": null,
            "customer_managed_key": [],
            "delegated_subnet_id": "",
            "fqdn": "satire-pg-server.postgres.database.azure.com",
            "geo_redundant_backup_enabled": false,
            "high_availability": [],
            "id": "/subscriptions/bb3a08b1-9f3f-4a7d-a7bd-44998976010d/resourceGroups/satire-project-rg/providers/Microsoft.DBforPostgreSQL/flexibleServers/satire-pg-server",
            "identity": [],
            "location": "uksouth",
            "maintenance_window": [],
            "name": "satire-pg-server",
            "point_in_time_restore_time_in_utc": null,
            "private_dns_zone_id": "",
            "public_network_access_enabled": true,
            "replication_role": "",
            "resource_group_name": "satire-project-rg",
            "sku_name": "B_Standard_B1ms",
            "source_server_id": null,
            "storage_mb": 32768,
            "storage_tier": "P4",
            "tags": {},
            "timeouts": null,
            "version": "16",
            "zone": "1"
          },
          "sensitive_attributes": [
            [
              {
                "type": "get_attr",
                "value": "administrator_password"
              }
            ]
          ],
          "private": "eyJlMmJmYjczMC1lY2FhLTExZTYtOGY4OC0zNDM2M2JjN2M0YzAiOnsiY3JlYXRlIjozNjAwMDAwMDAwMDAwLCJkZWxldGUiOjM2MDAwMDAwMDAwMDAsInJlYWQiOjMwMDAwMDAwMDAwMCwidXBkYXRlIjozNjAwMDAwMDAwMDAwfX0=",
          "dependencies": [
            "azurerm_resource_group.resource_container"
          ]
        }
      ]
    },
    {
      "mode": "managed",
      "type": "azurerm_postgresql_flexible_server_database",
      "name": "satire_db",
      "provider": "provider[\"registry.terraform.io/hashicorp/azurerm\"]",
      "instances": [
        {
          "schema_version": 0,
          "attributes": {
            "charset": "UTF8",
            "collation": "en_US.utf8",
            "id": "/subscriptions/bb3a08b1-9f3f-4a7d-a7bd-44998976010d/resourceGroups/satire-project-rg/providers/Microsoft.DBforPostgreSQL/flexibleServers/satire-pg-server/databases/satire-db",
            "name": "satire-db",
            "server_id": "/subscriptions/bb3a08b1-9f3f-4a7d-a7bd-44998976010d/resourceGroups/satire-project-rg/providers/Microsoft.DBforPostgreSQL/flexibleServers/satire-pg-server",
            "timeouts": null
          },
          "sensitive_attributes": [],
          "private": "eyJlMmJmYjczMC1lY2FhLTExZTYtOGY4OC0zNDM2M2JjN2M0YzAiOnsiY3JlYXRlIjoxODAwMDAwMDAwMDAwLCJkZWxldGUiOjE4MDAwMDAwMDAwMDAsInJlYWQiOjMwMDAwMDAwMDAwMH19",
          "dependencies": [
            "azurerm_postgresql_flexible_server.satire_pg_server",
            "azurerm_resource_group.resource_container"
          ]
        }
      ]
    },
    {
      "mode": "managed",
      "type": "azurerm_postgresql_flexible_server_firewall_rule",
      "name": "database_access",
      "provider": "provider[\"registry.terraform.io/hashicorp/azurerm\"]",
      "instances": [
        {
          "schema_version": 0,
          "attributes": {
            "end_ip_address": "255.255.255.255",
            "id": "/subscriptions/bb3a08b1-9f3f-4a7d-a7bd-44998976010d/resourceGroups/satire-project-rg/providers/Microsoft.DBforPostgreSQL/flexibleServers/satire-pg-server/firewallRules/satire-db-firewall",
            "name": "satire-db-firewall",
            "server_id": "/subscriptions/bb3a08b1-9f3f-4a7d-a7bd-44998976010d/resourceGroups/satire-project-rg/providers/Microsoft.DBforPostgreSQL/flexibleServers/satire-pg-server",
            "start_ip_address": "0.0.0.0",
            "timeouts": null
          },
          "sensitive_attributes": [],
          "private": "eyJlMmJmYjczMC1lY2FhLTExZTYtOGY4OC0zNDM2M2JjN2M0YzAiOnsiY3JlYXRlIjoxODAwMDAwMDAwMDAwLCJkZWxldGUiOjE4MDAwMDAwMDAwMDAsInJlYWQiOjMwMDAwMDAwMDAwMCwidXBkYXRlIjoxODAwMDAwMDAwMDAwfX0=",
          "dependencies": [
            "azurerm_postgresql_flexible_server.satire_pg_server",
            "azurerm_resource_group.resource_container"
          ]
        }
      ]
    },
    {
      "mode": "managed",
      "type": "azurerm_resource_group",
      "name": "resource_container",
      "provider": "provider[\"registry.terraform.io/hashicorp/azurerm\"]",
      "instances": [
        {
          "schema_version": 0,
          "attributes": {
            "id": "/subscriptions/bb3a08b1-9f3f-4a7d-a7bd-44998976010d/resourceGroups/satire-project-rg",
            "location": "uksouth",
            "managed_by": "",
            "name": "satire-project-rg",
            "tags": {},
            "timeouts": null
          },
          "sensitive_attributes": [],
          "private": "eyJlMmJmYjczMC1lY2FhLTExZTYtOGY4OC0zNDM2M2JjN2M0YzAiOnsiY3JlYXRlIjo1NDAwMDAwMDAwMDAwLCJkZWxldGUiOjU0MDAwMDAwMDAwMDAsInJlYWQiOjMwMDAwMDAwMDAwMCwidXBkYXRlIjo1NDAwMDAwMDAwMDAwfX0="
        }
      ]
    },
    {
      "mode": "managed",
      "type": "null_resource",
      "name": "db_setup",
      "provider": "provider[\"registry.terraform.io/hashicorp/null\"]",
      "instances": [
        {
          "schema_version": 0,
          "attributes": {
            "id": "393983009536849598",
            "triggers": null
          },
          "sensitive_attributes": [],
          "dependencies": [
            "azurerm_postgresql_flexible_server.satire_pg_server",
            "azurerm_postgresql_flexible_server_database.satire_db",
            "azurerm_resource_group.resource_container"
          ]
        }
      ]
    }
  ],
  "check_results": null
}
